{
  "name": "workspaces",
  "version": "1.0.0",
  "lockfileVersion": 3,
  "requires": true,
  "packages": {
    "": {
      "name": "workspaces",
      "version": "1.0.0",
      "workspaces": [
        "src/A",
        "src/B"
      ],
      "devDependencies": {
        "@types/node": "^25.2.0"
      }
    },
    "node_modules/@types/node": {
      "version": "25.2.0",
      "resolved": "https://registry.npmjs.org/@types/node/-/node-25.2.0.tgz",
      "integrity": "sha512-DZ8VwRFUNzuqJ5khrvwMXHmvPe+zGayJhr2CDNiKB1WBE1ST8Djl00D0IC4vvNmHMdj6DlbYRIaFE7WHjlDl5w==",
      "dev": true,
      "license": "MIT",
      "dependencies": {
        "undici-types": "~7.16.0"
      }
    },
    "node_modules/undici": {
      "version": "7.20.0",
      "resolved": "https://registry.npmjs.org/undici/-/undici-7.20.0.tgz",
      "integrity": "sha512-MJZrkjyd7DeC+uPZh+5/YaMDxFiiEEaDgbUSVMXayofAkDWF1088CDo+2RPg7B1BuS1qf1vgNE7xqwPxE0DuSQ==",
      "dev": true,
      "license": "MIT",
      "engines": {
        "node": ">=20.18.1"
      }
    },
    "node_modules/undici-types": {
      "version": "7.16.0",
      "resolved": "https://registry.npmjs.org/undici-types/-/undici-types-7.16.0.tgz",
      "integrity": "sha512-Zz+aZWSj8LE6zoxD+xrjh4VfkIG8Ya6LvYkZqtUQGJPZjYl53ypCaUwWqo7eI0x66KBGeRo+mlBEkMSeSZ38Nw==",
      "dev": true,
      "license": "MIT"
    },
    "node_modules/workspace_v1": {
      "resolved": "src/A",
      "link": true
    },
    "node_modules/workspace_v2": {
      "resolved": "src/B",
      "link": true
    },
    "src/A": {
      "name": "workspace_v1",
      "devDependencies": {
        "undici": "^7.20.0"
      }
    },
    "src/B": {
      "name": "workspace_v2"
    }
  }
}
